
Microsoft Visual Studio Solution File, Format Version 12.00
# Visual Studio Version 16
VisualStudioVersion = 16.0.29920.165
MinimumVisualStudioVersion = 10.0.40219.1
Project("{FAE04EC0-301F-11D3-BF4B-00C04F79EFBC}") = "LinkedLists", "LinkedLists\LinkedLists.csproj", "{74528584-2A32-4A4C-A788-0D71ACE163B7}"
EndProject
Project("{FAE04EC0-301F-11D3-BF4B-00C04F79EFBC}") = "LinkedListTest", "LinkedListTest\LinkedListTest.csproj", "{B25F3071-7247-41A7-8AB0-076FF72344E6}"
EndProject
Global
	GlobalSection(SolutionConfigurationPlatforms) = preSolution
		Debug|Any CPU = Debug|Any CPU
		Release|Any CPU = Release|Any CPU
	EndGlobalSection
	GlobalSection(ProjectConfigurationPlatforms) = postSolution
		{74528584-2A32-4A4C-A788-0D71ACE163B7}.Debug|Any CPU.ActiveCfg = Debug|Any CPU
		{74528584-2A32-4A4C-A788-0D71ACE163B7}.Debug|Any CPU.Build.0 = Debug|Any CPU
		{74528584-2A32-4A4C-A788-0D71ACE163B7}.Release|Any CPU.ActiveCfg = Release|Any CPU
		{74528584-2A32-4A4C-A788-0D71ACE163B7}.Release|Any CPU.Build.0 = Release|Any CPU
		{B25F3071-7247-41A7-8AB0-076FF72344E6}.Debug|Any CPU.ActiveCfg = Debug|Any CPU
		{B25F3071-7247-41A7-8AB0-076FF72344E6}.Debug|Any CPU.Build.0 = Debug|Any CPU
		{B25F3071-7247-41A7-8AB0-076FF72344E6}.Release|Any CPU.ActiveCfg = Release|Any CPU
		{B25F3071-7247-41A7-8AB0-076FF72344E6}.Release|Any CPU.Build.0 = Release|Any CPU
	EndGlobalSection
	GlobalSection(SolutionProperties) = preSolution
		HideSolutionNode = FALSE
	EndGlobalSection
	GlobalSection(ExtensibilityGlobals) = postSolution
		SolutionGuid = {79109692-5168-4AB6-8F59-E39120A1F5A0}
	EndGlobalSection
EndGlobal
